
Microsoft Visual Studio Solution File, Format Version 12.00
# Visual Studio Version 18
VisualStudioVersion = 18.0.11012.119 d18.0
MinimumVisualStudioVersion = 10.0.40219.1
Project("{2150E333-8FDC-42A3-9474-1A3956D46DE8}") = "server", "server", "{02EA681E-C7D8-13C7-8484-4AC65E1B71E8}"
EndProject
Project("{2150E333-8FDC-42A3-9474-1A3956D46DE8}") = "src", "src", "{EBF16242-6494-43A8-BF68-E684D5932182}"
EndProject
Project("{FAE04EC0-301F-11D3-BF4B-00C04F79EFBC}") = "Inventoria.Core", "server\src\Inventoria.Core\Inventoria.Core.csproj", "{545C069A-1676-4821-BE74-4797C79FC871}"
EndProject
Project("{FAE04EC0-301F-11D3-BF4B-00C04F79EFBC}") = "Inventoria.Infra.Data", "server\src\Inventoria.Infra.Data\Inventoria.Infra.Data.csproj", "{B6568AAB-8B1D-4B67-93F8-BE31D4379622}"
EndProject
Project("{2150E333-8FDC-42A3-9474-1A3956D46DE8}") = "etc", "etc", "{794DAE86-49AF-424D-9461-A64F6B728EF5}"
	ProjectSection(SolutionItems) = preProject
		README.md = README.md
	EndProjectSection
EndProject
Project("{2150E333-8FDC-42A3-9474-1A3956D46DE8}") = "sql", "sql", "{EB9FCE14-CABD-48DC-A6B7-D24817D294A2}"
EndProject
Project("{FAE04EC0-301F-11D3-BF4B-00C04F79EFBC}") = "Inventoria.Prototype", "server\src\Inventoria.Prototype\Inventoria.Prototype.csproj", "{24784B27-18F1-44E7-03CE-EBDD5810CA8F}"
EndProject
Project("{2150E333-8FDC-42A3-9474-1A3956D46DE8}") = "tests", "tests", "{8FA32E50-BF83-4DA9-80F4-3C8150B46F89}"
EndProject
Project("{2150E333-8FDC-42A3-9474-1A3956D46DE8}") = "UnitTests", "UnitTests", "{A2EFB5E2-78E6-45A2-BE86-CAF82828FC00}"
EndProject
Project("{FAE04EC0-301F-11D3-BF4B-00C04F79EFBC}") = "Inventoria.Core.UnitTests", "server\tests\UnitTests\Inventoria.Core.UnitTests\Inventoria.Core.UnitTests.csproj", "{0EA246DF-AF82-4C44-3B9E-2DDEDCB99560}"
EndProject
Project("{FAE04EC0-301F-11D3-BF4B-00C04F79EFBC}") = "Inventoria.Infra.Data.UnitTests", "server\tests\UnitTests\Inventoria.Infra.Data.UnitTests\Inventoria.Infra.Data.UnitTests.csproj", "{E4444DB9-7F32-475C-8279-48B2EF609248}"
EndProject
Global
	GlobalSection(SolutionConfigurationPlatforms) = preSolution
		Debug|Any CPU = Debug|Any CPU
		Release|Any CPU = Release|Any CPU
	EndGlobalSection
	GlobalSection(ProjectConfigurationPlatforms) = postSolution
		{545C069A-1676-4821-BE74-4797C79FC871}.Debug|Any CPU.ActiveCfg = Debug|Any CPU
		{545C069A-1676-4821-BE74-4797C79FC871}.Debug|Any CPU.Build.0 = Debug|Any CPU
		{545C069A-1676-4821-BE74-4797C79FC871}.Release|Any CPU.ActiveCfg = Release|Any CPU
		{545C069A-1676-4821-BE74-4797C79FC871}.Release|Any CPU.Build.0 = Release|Any CPU
		{B6568AAB-8B1D-4B67-93F8-BE31D4379622}.Debug|Any CPU.ActiveCfg = Debug|Any CPU
		{B6568AAB-8B1D-4B67-93F8-BE31D4379622}.Debug|Any CPU.Build.0 = Debug|Any CPU
		{B6568AAB-8B1D-4B67-93F8-BE31D4379622}.Release|Any CPU.ActiveCfg = Release|Any CPU
		{B6568AAB-8B1D-4B67-93F8-BE31D4379622}.Release|Any CPU.Build.0 = Release|Any CPU
		{24784B27-18F1-44E7-03CE-EBDD5810CA8F}.Debug|Any CPU.ActiveCfg = Debug|Any CPU
		{24784B27-18F1-44E7-03CE-EBDD5810CA8F}.Debug|Any CPU.Build.0 = Debug|Any CPU
		{24784B27-18F1-44E7-03CE-EBDD5810CA8F}.Release|Any CPU.ActiveCfg = Release|Any CPU
		{24784B27-18F1-44E7-03CE-EBDD5810CA8F}.Release|Any CPU.Build.0 = Release|Any CPU
		{0EA246DF-AF82-4C44-3B9E-2DDEDCB99560}.Debug|Any CPU.ActiveCfg = Debug|Any CPU
		{0EA246DF-AF82-4C44-3B9E-2DDEDCB99560}.Debug|Any CPU.Build.0 = Debug|Any CPU
		{0EA246DF-AF82-4C44-3B9E-2DDEDCB99560}.Release|Any CPU.ActiveCfg = Release|Any CPU
		{0EA246DF-AF82-4C44-3B9E-2DDEDCB99560}.Release|Any CPU.Build.0 = Release|Any CPU
		{E4444DB9-7F32-475C-8279-48B2EF609248}.Debug|Any CPU.ActiveCfg = Debug|Any CPU
		{E4444DB9-7F32-475C-8279-48B2EF609248}.Debug|Any CPU.Build.0 = Debug|Any CPU
		{E4444DB9-7F32-475C-8279-48B2EF609248}.Release|Any CPU.ActiveCfg = Release|Any CPU
		{E4444DB9-7F32-475C-8279-48B2EF609248}.Release|Any CPU.Build.0 = Release|Any CPU
	EndGlobalSection
	GlobalSection(SolutionProperties) = preSolution
		HideSolutionNode = FALSE
	EndGlobalSection
	GlobalSection(NestedProjects) = preSolution
		{EBF16242-6494-43A8-BF68-E684D5932182} = {02EA681E-C7D8-13C7-8484-4AC65E1B71E8}
		{545C069A-1676-4821-BE74-4797C79FC871} = {EBF16242-6494-43A8-BF68-E684D5932182}
		{B6568AAB-8B1D-4B67-93F8-BE31D4379622} = {EBF16242-6494-43A8-BF68-E684D5932182}
		{EB9FCE14-CABD-48DC-A6B7-D24817D294A2} = {794DAE86-49AF-424D-9461-A64F6B728EF5}
		{24784B27-18F1-44E7-03CE-EBDD5810CA8F} = {EBF16242-6494-43A8-BF68-E684D5932182}
		{8FA32E50-BF83-4DA9-80F4-3C8150B46F89} = {02EA681E-C7D8-13C7-8484-4AC65E1B71E8}
		{A2EFB5E2-78E6-45A2-BE86-CAF82828FC00} = {8FA32E50-BF83-4DA9-80F4-3C8150B46F89}
		{0EA246DF-AF82-4C44-3B9E-2DDEDCB99560} = {A2EFB5E2-78E6-45A2-BE86-CAF82828FC00}
		{E4444DB9-7F32-475C-8279-48B2EF609248} = {A2EFB5E2-78E6-45A2-BE86-CAF82828FC00}
	EndGlobalSection
	GlobalSection(ExtensibilityGlobals) = postSolution
		SolutionGuid = {A96CEE4B-1DFE-4983-88F7-06B1CE4B94BB}
	EndGlobalSection
EndGlobal
